
Microsoft Visual Studio Solution File, Format Version 12.00
# Visual Studio Version 16
VisualStudioVersion = 16.0.28922.388
MinimumVisualStudioVersion = 10.0.40219.1
Project("{8BC9CEB8-8B4A-11D0-8D11-00A0C91BC942}") = "RotmgClone", "RotmgClone\RotmgClone.vcxproj", "{105F6EA5-3511-4C36-8970-C196713B9894}"
EndProject
Project("{8BC9CEB8-8B4A-11D0-8D11-00A0C91BC942}") = "TileRenderingTest", "TileRenderingTest\TileRenderingTest.vcxproj", "{DF43C805-756D-4088-9F97-5D922034E787}"
EndProject
Global
	GlobalSection(SolutionConfigurationPlatforms) = preSolution
		Debug|x64 = Debug|x64
		Debug|x86 = Debug|x86
		Release|x64 = Release|x64
		Release|x86 = Release|x86
	EndGlobalSection
	GlobalSection(ProjectConfigurationPlatforms) = postSolution
		{105F6EA5-3511-4C36-8970-C196713B9894}.Debug|x64.ActiveCfg = Debug|x64
		{105F6EA5-3511-4C36-8970-C196713B9894}.Debug|x64.Build.0 = Debug|x64
		{105F6EA5-3511-4C36-8970-C196713B9894}.Debug|x86.ActiveCfg = Debug|Win32
		{105F6EA5-3511-4C36-8970-C196713B9894}.Debug|x86.Build.0 = Debug|Win32
		{105F6EA5-3511-4C36-8970-C196713B9894}.Release|x64.ActiveCfg = Release|x64
		{105F6EA5-3511-4C36-8970-C196713B9894}.Release|x64.Build.0 = Release|x64
		{105F6EA5-3511-4C36-8970-C196713B9894}.Release|x86.ActiveCfg = Release|Win32
		{105F6EA5-3511-4C36-8970-C196713B9894}.Release|x86.Build.0 = Release|Win32
		{DF43C805-756D-4088-9F97-5D922034E787}.Debug|x64.ActiveCfg = Debug|x64
		{DF43C805-756D-4088-9F97-5D922034E787}.Debug|x64.Build.0 = Debug|x64
		{DF43C805-756D-4088-9F97-5D922034E787}.Debug|x86.ActiveCfg = Debug|Win32
		{DF43C805-756D-4088-9F97-5D922034E787}.Debug|x86.Build.0 = Debug|Win32
		{DF43C805-756D-4088-9F97-5D922034E787}.Release|x64.ActiveCfg = Release|x64
		{DF43C805-756D-4088-9F97-5D922034E787}.Release|x64.Build.0 = Release|x64
		{DF43C805-756D-4088-9F97-5D922034E787}.Release|x86.ActiveCfg = Release|Win32
		{DF43C805-756D-4088-9F97-5D922034E787}.Release|x86.Build.0 = Release|Win32
	EndGlobalSection
	GlobalSection(SolutionProperties) = preSolution
		HideSolutionNode = FALSE
	EndGlobalSection
	GlobalSection(ExtensibilityGlobals) = postSolution
		SolutionGuid = {722A5A53-55CF-4D51-9237-F463341024A5}
	EndGlobalSection
EndGlobal
